
Microsoft Visual Studio Solution File, Format Version 12.00
# Visual Studio Version 17
VisualStudioVersion = 17.1.32414.318
MinimumVisualStudioVersion = 10.0.40219.1
Project("{FAE04EC0-301F-11D3-BF4B-00C04F79EFBC}") = "School management system Project", "School management system Project.csproj", "{133AC709-632D-4426-88D8-087F56731C64}"
EndProject
Global
	GlobalSection(SolutionConfigurationPlatforms) = preSolution
		Debug|Any CPU = Debug|Any CPU
		Release|Any CPU = Release|Any CPU
	EndGlobalSection
	GlobalSection(ProjectConfigurationPlatforms) = postSolution
		{133AC709-632D-4426-88D8-087F56731C64}.Debug|Any CPU.ActiveCfg = Debug|Any CPU
		{133AC709-632D-4426-88D8-087F56731C64}.Debug|Any CPU.Build.0 = Debug|Any CPU
		{133AC709-632D-4426-88D8-087F56731C64}.Release|Any CPU.ActiveCfg = Release|Any CPU
		{133AC709-632D-4426-88D8-087F56731C64}.Release|Any CPU.Build.0 = Release|Any CPU
	EndGlobalSection
	GlobalSection(SolutionProperties) = preSolution
		HideSolutionNode = FALSE
	EndGlobalSection
	GlobalSection(ExtensibilityGlobals) = postSolution
		SolutionGuid = {C86D66CC-1778-4A81-A391-E889D65003B7}
	EndGlobalSection
EndGlobal
